
Microsoft Visual Studio Solution File, Format Version 12.00
# Visual Studio Version 17
VisualStudioVersion = 17.9.34728.123
MinimumVisualStudioVersion = 10.0.40219.1
Project("{9A19103F-16F7-4668-BE54-9A1E7A4F7556}") = "Silicon_BlazorApp", "Silicon_BlazorApp\Silicon_BlazorApp\Silicon_BlazorApp.csproj", "{3CABDCFB-948C-4963-A161-0C9F76E15269}"
EndProject
Project("{9A19103F-16F7-4668-BE54-9A1E7A4F7556}") = "Silicon_BlazorApp.Client", "Silicon_BlazorApp\Silicon_BlazorApp.Client\Silicon_BlazorApp.Client.csproj", "{2418E0FB-0288-4E0A-B515-7D8F826F4491}"
EndProject
Global
	GlobalSection(SolutionConfigurationPlatforms) = preSolution
		Debug|Any CPU = Debug|Any CPU
		Release|Any CPU = Release|Any CPU
	EndGlobalSection
	GlobalSection(ProjectConfigurationPlatforms) = postSolution
		{3CABDCFB-948C-4963-A161-0C9F76E15269}.Debug|Any CPU.ActiveCfg = Debug|Any CPU
		{3CABDCFB-948C-4963-A161-0C9F76E15269}.Debug|Any CPU.Build.0 = Debug|Any CPU
		{3CABDCFB-948C-4963-A161-0C9F76E15269}.Release|Any CPU.ActiveCfg = Release|Any CPU
		{3CABDCFB-948C-4963-A161-0C9F76E15269}.Release|Any CPU.Build.0 = Release|Any CPU
		{2418E0FB-0288-4E0A-B515-7D8F826F4491}.Debug|Any CPU.ActiveCfg = Debug|Any CPU
		{2418E0FB-0288-4E0A-B515-7D8F826F4491}.Debug|Any CPU.Build.0 = Debug|Any CPU
		{2418E0FB-0288-4E0A-B515-7D8F826F4491}.Release|Any CPU.ActiveCfg = Release|Any CPU
		{2418E0FB-0288-4E0A-B515-7D8F826F4491}.Release|Any CPU.Build.0 = Release|Any CPU
	EndGlobalSection
	GlobalSection(SolutionProperties) = preSolution
		HideSolutionNode = FALSE
	EndGlobalSection
	GlobalSection(ExtensibilityGlobals) = postSolution
		SolutionGuid = {8EE862A0-255A-451D-A3FC-8F26D32E1112}
	EndGlobalSection
EndGlobal
